{
  "name": "pheno",
  "version": "1.0.0",
  "lockfileVersion": 3,
  "requires": true,
  "packages": {
    "": {
      "name": "pheno",
      "version": "1.0.0",
      "license": "ISC",
      "dependencies": {
        "flache": "^0.3.0"
      }
    },
    "node_modules/flache": {
      "version": "0.3.0",
      "resolved": "https://registry.npmjs.org/flache/-/flache-0.3.0.tgz",
      "integrity": "sha512-J6Gw5nQsZhHsCbik1PpgzvQRi4CQrIMLbg7pcG52Vlmk/j2RBU9CDMY+LeUJkE2ImyD2MujFB4j5Bk4rptbxWg==",
      "license": "MIT"
    }
  }
}
